{
  "name": "zh-knowledge-manager",
  "version": "1.0.0",
  "lockfileVersion": 3,
  "requires": true,
  "packages": {
    "": {
      "name": "zh-knowledge-manager",
      "version": "1.0.0",
      "license": "MIT",
      "dependencies": {
        "@node-rs/jieba": "^2.0.0",
        "commander": "^13.0.0"
      },
      "bin": {
        "km": "km.js"
      },
      "engines": {
        "node": ">=18.0.0"
      }
    },
    "node_modules/@emnapi/core": {
      "version": "1.8.1",
      "resolved": "https://registry.npmjs.org/@emnapi/core/-/core-1.8.1.tgz",
      "integrity": "sha512-AvT9QFpxK0Zd8J0jopedNm+w/2fIzvtPKPjqyw9jwvBaReTTqPBk9Hixaz7KbjimP+QNz605/XnjFcDAL2pqBg==",
      "license": "MIT",
      "optional": true,
      "dependencies": {
        "@emnapi/wasi-threads": "1.1.0",
        "tslib": "^2.4.0"
      }
    },
    "node_modules/@emnapi/runtime": {
      "version": "1.8.1",
      "resolved": "https://registry.npmjs.org/@emnapi/runtime/-/runtime-1.8.1.tgz",
      "integrity": "sha512-mehfKSMWjjNol8659Z8KxEMrdSJDDot5SXMq00dM8BN4o+CLNXQ0xH2V7EchNHV4RmbZLmmPdEaXZc5H2FXmDg==",
      "license": "MIT",
      "optional": true,
      "dependencies": {
        "tslib": "^2.4.0"
      }
    },
    "node_modules/@emnapi/wasi-threads": {
      "version": "1.1.0",
      "resolved": "https://registry.npmjs.org/@emnapi/wasi-threads/-/wasi-threads-1.1.0.tgz",
      "integrity": "sha512-WI0DdZ8xFSbgMjR1sFsKABJ/C5OnRrjT06JXbZKexJGrDuPTzZdDYfFlsgcCXCyf+suG5QU2e/y1Wo2V/OapLQ==",
      "license": "MIT",
      "optional": true,
      "dependencies": {
        "tslib": "^2.4.0"
      }
    },
    "node_modules/@napi-rs/wasm-runtime": {
      "version": "0.2.12",
      "resolved": "https://registry.npmjs.org/@napi-rs/wasm-runtime/-/wasm-runtime-0.2.12.tgz",
      "integrity": "sha512-ZVWUcfwY4E/yPitQJl481FjFo3K22D6qF0DuFH6Y/nbnE11GY5uguDxZMGXPQ8WQ0128MXQD7TnfHyK4oWoIJQ==",
      "license": "MIT",
      "optional": true,
      "dependencies": {
        "@emnapi/core": "^1.4.3",
        "@emnapi/runtime": "^1.4.3",
        "@tybys/wasm-util": "^0.10.0"
      }
    },
    "node_modules/@node-rs/jieba": {
      "version": "2.0.1",
      "resolved": "https://registry.npmjs.org/@node-rs/jieba/-/jieba-2.0.1.tgz",
      "integrity": "sha512-tnfzXOMqzVQF2dSKMhPC9HrHzzWmN6KheL/zYtGenhOpq/bCKHJWVASSggEnHlkmHgXGeIJHR2N/IuPzewz1BQ==",
      "license": "MIT",
      "engines": {
        "node": ">= 10"
      },
      "funding": {
        "type": "github",
        "url": "https://github.com/sponsors/Brooooooklyn"
      },
      "optionalDependencies": {
        "@node-rs/jieba-android-arm-eabi": "2.0.1",
        "@node-rs/jieba-android-arm64": "2.0.1",
        "@node-rs/jieba-darwin-arm64": "2.0.1",
        "@node-rs/jieba-darwin-x64": "2.0.1",
        "@node-rs/jieba-freebsd-x64": "2.0.1",
        "@node-rs/jieba-linux-arm-gnueabihf": "2.0.1",
        "@node-rs/jieba-linux-arm64-gnu": "2.0.1",
        "@node-rs/jieba-linux-arm64-musl": "2.0.1",
        "@node-rs/jieba-linux-x64-gnu": "2.0.1",
        "@node-rs/jieba-linux-x64-musl": "2.0.1",
        "@node-rs/jieba-wasm32-wasi": "2.0.1",
        "@node-rs/jieba-win32-arm64-msvc": "2.0.1",
        "@node-rs/jieba-win32-ia32-msvc": "2.0.1",
        "@node-rs/jieba-win32-x64-msvc": "2.0.1"
      }
    },
    "node_modules/@node-rs/jieba-android-arm-eabi": {
      "version": "2.0.1",
      "resolved": "https://registry.npmjs.org/@node-rs/jieba-android-arm-eabi/-/jieba-android-arm-eabi-2.0.1.tgz",
      "integrity": "sha512-tavsIaxybnlA9tRbJ+oc3NW3zhx0d5rNiCGdpIdGWjflwS7HyeUTVAZmAFDlg58Mc6EjTdVKZH+RolBbAJtgcQ==",
      "cpu": [
        "arm"
      ],
      "license": "MIT",
      "optional": true,
      "os": [
        "android"
      ],
      "engines": {
        "node": ">= 10"
      }
    },
    "node_modules/@node-rs/jieba-android-arm64": {
      "version": "2.0.1",
      "resolved": "https://registry.npmjs.org/@node-rs/jieba-android-arm64/-/jieba-android-arm64-2.0.1.tgz",
      "integrity": "sha512-AwdyqKvVNuSDnDq3anUfq+nJ5J/kzXjkfbr/1WY6TfaAlTNuuGVskuQv72/wIx/jn7NoXfm/UPuJrWYG16NC6w==",
      "cpu": [
        "arm64"
      ],
      "license": "MIT",
      "optional": true,
      "os": [
        "android"
      ],
      "engines": {
        "node": ">= 10"
      }
    },
    "node_modules/@node-rs/jieba-darwin-arm64": {
      "version": "2.0.1",
      "resolved": "https://registry.npmjs.org/@node-rs/jieba-darwin-arm64/-/jieba-darwin-arm64-2.0.1.tgz",
      "integrity": "sha512-10+nwGQ6KzXXJlIL/sELA6Fi6m7eJ7xJksBiKuw1kxKUgaJwtVfAG0iqRF+NRQv0Sdq7r3k5ew9K9y0+IYaEcA==",
      "cpu": [
        "arm64"
      ],
      "license": "MIT",
      "optional": true,
      "os": [
        "darwin"
      ],
      "engines": {
        "node": ">= 10"
      }
    },
    "node_modules/@node-rs/jieba-darwin-x64": {
      "version": "2.0.1",
      "resolved": "https://registry.npmjs.org/@node-rs/jieba-darwin-x64/-/jieba-darwin-x64-2.0.1.tgz",
      "integrity": "sha512-IJ5RK0X/uPQa1XRmTvwKSieya+w1IJeiKLw0EekoBFJKybXQdvo8/uqM/8z2eVJ8vQxW9X6K2vkVGFvYQa9dYA==",
      "cpu": [
        "x64"
      ],
      "license": "MIT",
      "optional": true,
      "os": [
        "darwin"
      ],
      "engines": {
        "node": ">= 10"
      }
    },
    "node_modules/@node-rs/jieba-freebsd-x64": {
      "version": "2.0.1",
      "resolved": "https://registry.npmjs.org/@node-rs/jieba-freebsd-x64/-/jieba-freebsd-x64-2.0.1.tgz",
      "integrity": "sha512-yg7vyhqzP2weJu5DJ3q9q4pb0b4GWWRwcv54zK7MSSA6KNJ/uQv2a4R9/qmptLU/fZv14gWuJBEMFdL7y1Dv2w==",
      "cpu": [
        "x64"
      ],
      "license": "MIT",
      "optional": true,
      "os": [
        "freebsd"
      ],
      "engines": {
        "node": ">= 10"
      }
    },
    "node_modules/@node-rs/jieba-linux-arm-gnueabihf": {
      "version": "2.0.1",
      "resolved": "https://registry.npmjs.org/@node-rs/jieba-linux-arm-gnueabihf/-/jieba-linux-arm-gnueabihf-2.0.1.tgz",
      "integrity": "sha512-fxQYunS7w2tv8XV9GigkWJPzHnbcw6tjrUdDu5/qU0FdQVEzGuEYG85DjlNf8lZTDGSUKHBVyAQs7bBIvq8yqg==",
      "cpu": [
        "arm"
      ],
      "license": "MIT",
      "optional": true,
      "os": [
        "linux"
      ],
      "engines": {
        "node": ">= 10"
      }
    },
    "node_modules/@node-rs/jieba-linux-arm64-gnu": {
      "version": "2.0.1",
      "resolved": "https://registry.npmjs.org/@node-rs/jieba-linux-arm64-gnu/-/jieba-linux-arm64-gnu-2.0.1.tgz",
      "integrity": "sha512-VnLU630hQIyO/fwyxh2vqZi72mO+hXkVUC3jVLPfOAlppinmsGX9N81tpTPUK3840hbV8WLtbYTWN1XodI38eg==",
      "cpu": [
        "arm64"
      ],
      "license": "MIT",
      "optional": true,
      "os": [
        "linux"
      ],
      "engines": {
        "node": ">= 10"
      }
    },
    "node_modules/@node-rs/jieba-linux-arm64-musl": {
      "version": "2.0.1",
      "resolved": "https://registry.npmjs.org/@node-rs/jieba-linux-arm64-musl/-/jieba-linux-arm64-musl-2.0.1.tgz",
      "integrity": "sha512-K4EDyNixSLVdTNYnHwD+7I/ytvzpo7tt+vdCLqwQViiek2PMpL/FFRvA39uU2tk99jXIxvkczdxARG20BRZppg==",
      "cpu": [
        "arm64"
      ],
      "license": "MIT",
      "optional": true,
      "os": [
        "linux"
      ],
      "engines": {
        "node": ">= 10"
      }
    },
    "node_modules/@node-rs/jieba-linux-x64-gnu": {
      "version": "2.0.1",
      "resolved": "https://registry.npmjs.org/@node-rs/jieba-linux-x64-gnu/-/jieba-linux-x64-gnu-2.0.1.tgz",
      "integrity": "sha512-sq3J6L2ANTE25I9eVFq/nb57OtXcvUIeUD1CTKJxwgTKIVmcB2LyOZpWf20AjHRUfbMER9Klqg5dgyyO+Six+w==",
      "cpu": [
        "x64"
      ],
      "license": "MIT",
      "optional": true,
      "os": [
        "linux"
      ],
      "engines": {
        "node": ">= 10"
      }
    },
    "node_modules/@node-rs/jieba-linux-x64-musl": {
      "version": "2.0.1",
      "resolved": "https://registry.npmjs.org/@node-rs/jieba-linux-x64-musl/-/jieba-linux-x64-musl-2.0.1.tgz",
      "integrity": "sha512-0zfP9Qy68yEXrhBFknfhF6WUJDPU/8eRuyIrkMGdMjfRpxhpSbr2fMfnsqhOQLvhuK4w3iDFvTy4t5d0s6JKMA==",
      "cpu": [
        "x64"
      ],
      "license": "MIT",
      "optional": true,
      "os": [
        "linux"
      ],
      "engines": {
        "node": ">= 10"
      }
    },
    "node_modules/@node-rs/jieba-wasm32-wasi": {
      "version": "2.0.1",
      "resolved": "https://registry.npmjs.org/@node-rs/jieba-wasm32-wasi/-/jieba-wasm32-wasi-2.0.1.tgz",
      "integrity": "sha512-7I5rJya5rlQNJIhv8PvPzIVT1/gVc0vFzHmlfRGwCPGDJ3tHVxkSPW34dDx3OgDmbIeadNpmgIyC1RaS9djPJg==",
      "cpu": [
        "wasm32"
      ],
      "license": "MIT",
      "optional": true,
      "dependencies": {
        "@napi-rs/wasm-runtime": "^0.2.5"
      },
      "engines": {
        "node": ">=14.0.0"
      }
    },
    "node_modules/@node-rs/jieba-win32-arm64-msvc": {
      "version": "2.0.1",
      "resolved": "https://registry.npmjs.org/@node-rs/jieba-win32-arm64-msvc/-/jieba-win32-arm64-msvc-2.0.1.tgz",
      "integrity": "sha512-Aj/2EwYSaPgAbKnSl+vKM/2kOaZNMZWnShiZzbSNyzlLy3eIOyOYVLbYRDno4547KngRxer8uzROhIQIwXwkvw==",
      "cpu": [
        "arm64"
      ],
      "license": "MIT",
      "optional": true,
      "os": [
        "win32"
      ],
      "engines": {
        "node": ">= 10"
      }
    },
    "node_modules/@node-rs/jieba-win32-ia32-msvc": {
      "version": "2.0.1",
      "resolved": "https://registry.npmjs.org/@node-rs/jieba-win32-ia32-msvc/-/jieba-win32-ia32-msvc-2.0.1.tgz",
      "integrity": "sha512-tpJt3uuBlGrcOInQLTYvcgamQgfadl5cwExLYU+CX9rXKpXLDO31dIujUDBgNWoiQq3tOiU1/AKbT7ZdNd4lBQ==",
      "cpu": [
        "ia32"
      ],
      "license": "MIT",
      "optional": true,
      "os": [
        "win32"
      ],
      "engines": {
        "node": ">= 10"
      }
    },
    "node_modules/@node-rs/jieba-win32-x64-msvc": {
      "version": "2.0.1",
      "resolved": "https://registry.npmjs.org/@node-rs/jieba-win32-x64-msvc/-/jieba-win32-x64-msvc-2.0.1.tgz",
      "integrity": "sha512-LDOyo2/2CO8UnpSGLJdgqtH8mOnsABPhNxkfIky7UT9cyLEzOaU44nbA5YzPGpBI3qzMbWcwJYQsjBcgK2VqAg==",
      "cpu": [
        "x64"
      ],
      "license": "MIT",
      "optional": true,
      "os": [
        "win32"
      ],
      "engines": {
        "node": ">= 10"
      }
    },
    "node_modules/@tybys/wasm-util": {
      "version": "0.10.1",
      "resolved": "https://registry.npmjs.org/@tybys/wasm-util/-/wasm-util-0.10.1.tgz",
      "integrity": "sha512-9tTaPJLSiejZKx+Bmog4uSubteqTvFrVrURwkmHixBo0G4seD0zUxp98E1DzUBJxLQ3NPwXrGKDiVjwx/DpPsg==",
      "license": "MIT",
      "optional": true,
      "dependencies": {
        "tslib": "^2.4.0"
      }
    },
    "node_modules/commander": {
      "version": "13.1.0",
      "resolved": "https://registry.npmjs.org/commander/-/commander-13.1.0.tgz",
      "integrity": "sha512-/rFeCpNJQbhSZjGVwO9RFV3xPqbnERS8MmIQzCtD/zl6gpJuV/bMLuN92oG3F7d8oDEHHRrujSXNUr8fpjntKw==",
      "license": "MIT",
      "engines": {
        "node": ">=18"
      }
    },
    "node_modules/tslib": {
      "version": "2.8.1",
      "resolved": "https://registry.npmjs.org/tslib/-/tslib-2.8.1.tgz",
      "integrity": "sha512-oJFu94HQb+KVduSUQL7wnpmqnfmLsOA/nAh6b6EH0wCEoK0/mPeXU6c3wKDV83MkOuHPRHtSXKKU99IBazS/2w==",
      "license": "0BSD",
      "optional": true
    }
  }
}
